PODS:
  - Flutter (1.0.0)
  - SwiftProtobuf (1.26.0)
  - TrustWalletCore (4.1.20):
    - TrustWalletCore/Core (= 4.1.20)
  - TrustWalletCore/Core (4.1.20):
    - TrustWalletCore/Types
  - TrustWalletCore/Types (4.1.20):
    - SwiftProtobuf
  - wallet_core_bindings_libs (4.1.20):
    - Flutter
    - TrustWalletCore (= 4.1.20)
  - wasm_run_flutter (0.0.1)

DEPENDENCIES:
  - Flutter (from `Flutter`)
  - wallet_core_bindings_libs (from `.symlinks/plugins/wallet_core_bindings_libs/ios`)
  - wasm_run_flutter (from `.symlinks/plugins/wasm_run_flutter/ios`)

SPEC REPOS:
  trunk:
    - SwiftProtobuf
    - TrustWalletCore

EXTERNAL SOURCES:
  Flutter:
    :path: Flutter
  wallet_core_bindings_libs:
    :path: ".symlinks/plugins/wallet_core_bindings_libs/ios"
  wasm_run_flutter:
    :path: ".symlinks/plugins/wasm_run_flutter/ios"

SPEC CHECKSUMS:
  Flutter: e0871f40cf51350855a761d2e70bf5af5b9b5de7
  SwiftProtobuf: 5e8349171e7c2f88f5b9e683cb3cb79d1dc780b3
  TrustWalletCore: c92d42a82d89f004c1c20034f3b47ac5e3b96f3d
  wallet_core_bindings_libs: 7422f5aaf8df73dc683bf2bd278d70342dccf726
  wasm_run_flutter: 2f91e8869ddce786e92e3ec99175647fea2284a4

PODFILE CHECKSUM: 819463e6a0290f5a72f145ba7cde16e8b6ef0796

COCOAPODS: 1.16.2
